
Microsoft Visual Studio Solution File, Format Version 12.00
# Visual Studio Version 17
VisualStudioVersion = 17.0.31903.59
MinimumVisualStudioVersion = 10.0.40219.1
Project("{2150E333-8FDC-42A3-9474-1A3956D46DE8}") = "src", "src", "{038B395E-04EE-49FF-9F4C-516772F3CB94}"
EndProject
Project("{FAE04EC0-301F-11D3-BF4B-00C04F79EFBC}") = "LockNotch", "src\LockNotch\LockNotch.csproj", "{5BC25300-8548-4032-BD8C-2CA05B790445}"
EndProject
Global
	GlobalSection(SolutionConfigurationPlatforms) = preSolution
		Debug|Any CPU = Debug|Any CPU
		Release|Any CPU = Release|Any CPU
	EndGlobalSection
	GlobalSection(SolutionProperties) = preSolution
		HideSolutionNode = FALSE
	EndGlobalSection
	GlobalSection(ProjectConfigurationPlatforms) = postSolution
		{5BC25300-8548-4032-BD8C-2CA05B790445}.Debug|Any CPU.ActiveCfg = Debug|x64
		{5BC25300-8548-4032-BD8C-2CA05B790445}.Debug|Any CPU.Build.0 = Debug|x64
		{5BC25300-8548-4032-BD8C-2CA05B790445}.Release|Any CPU.ActiveCfg = Release|x64
		{5BC25300-8548-4032-BD8C-2CA05B790445}.Release|Any CPU.Build.0 = Release|x64
	EndGlobalSection
	GlobalSection(NestedProjects) = preSolution
		{5BC25300-8548-4032-BD8C-2CA05B790445} = {038B395E-04EE-49FF-9F4C-516772F3CB94}
	EndGlobalSection
EndGlobal
